
Microsoft Visual Studio Solution File, Format Version 12.00
# Visual Studio 15
VisualStudioVersion = 15.0.26430.15
MinimumVisualStudioVersion = 10.0.40219.1
Project("{FAE04EC0-301F-11D3-BF4B-00C04F79EFBC}") = "js.advent.webapi", "js.advent.webapi\js.advent.webapi.csproj", "{078EF935-22A8-417D-B205-1EBE1051E623}"
EndProject
Project("{FAE04EC0-301F-11D3-BF4B-00C04F79EFBC}") = "js.advent.model", "js.advent.model\js.advent.model.csproj", "{506626E3-813A-423C-A774-51B326FC2F7E}"
EndProject
Global
	GlobalSection(SolutionConfigurationPlatforms) = preSolution
		Debug|Any CPU = Debug|Any CPU
		Release|Any CPU = Release|Any CPU
	EndGlobalSection
	GlobalSection(ProjectConfigurationPlatforms) = postSolution
		{078EF935-22A8-417D-B205-1EBE1051E623}.Debug|Any CPU.ActiveCfg = Debug|Any CPU
		{078EF935-22A8-417D-B205-1EBE1051E623}.Debug|Any CPU.Build.0 = Debug|Any CPU
		{078EF935-22A8-417D-B205-1EBE1051E623}.Release|Any CPU.ActiveCfg = Release|Any CPU
		{078EF935-22A8-417D-B205-1EBE1051E623}.Release|Any CPU.Build.0 = Release|Any CPU
		{506626E3-813A-423C-A774-51B326FC2F7E}.Debug|Any CPU.ActiveCfg = Debug|Any CPU
		{506626E3-813A-423C-A774-51B326FC2F7E}.Debug|Any CPU.Build.0 = Debug|Any CPU
		{506626E3-813A-423C-A774-51B326FC2F7E}.Release|Any CPU.ActiveCfg = Release|Any CPU
		{506626E3-813A-423C-A774-51B326FC2F7E}.Release|Any CPU.Build.0 = Release|Any CPU
	EndGlobalSection
	GlobalSection(SolutionProperties) = preSolution
		HideSolutionNode = FALSE
	EndGlobalSection
EndGlobal
